{
  "name": "assets",
  "lockfileVersion": 3,
  "requires": true,
  "packages": {
    "": {
      "dependencies": {
        "@maskito/core": "^1.8.1",
        "@maskito/kit": "^1.8.1"
      }
    },
    "node_modules/@maskito/core": {
      "version": "1.8.1",
      "resolved": "https://registry.npmjs.org/@maskito/core/-/core-1.8.1.tgz",
      "integrity": "sha512-h9+Z91WASHQ6z6kDP7uIHyMUPxNwA1mOIPsFxdg2MHq1RASFUNKHj66uU5xuR0OJu17qcCCzUu7ixZ43QQ/HYg=="
    },
    "node_modules/@maskito/kit": {
      "version": "1.8.1",
      "resolved": "https://registry.npmjs.org/@maskito/kit/-/kit-1.8.1.tgz",
      "integrity": "sha512-eevH2iyqRjxw8kzt7gmLETrlkPTj4Mq1mbIOOD2VQ+O33ocNFl1a87s02mRQGk6UmSJBmHLT/2EaVfUEswBmWA==",
      "peerDependencies": {
        "@maskito/core": "^1.8.1"
      }
    }
  }
}
